PODS:
  - SDWebImage (5.0.6):
    - SDWebImage/Core (= 5.0.6)
  - SDWebImage/Core (5.0.6)
  - Whisper (6.0.2)

DEPENDENCIES:
  - SDWebImage
  - Whisper

SPEC REPOS:
  https://github.com/cocoapods/specs.git:
    - SDWebImage
    - Whisper

SPEC CHECKSUMS:
  SDWebImage: 920f1a2ff1ca8296ad34f6e0510a1ef1d70ac965
  Whisper: 169760fc4bab0abf24d5529f9276f95c25cf1025

PODFILE CHECKSUM: 6b5792f818dcc2df8a64e850a3436a0963a71080

COCOAPODS: 1.7.0
